// !$*UTF8*$!
{
	archiveVersion = 1;
	classes = {
	};
	objectVersion = 46;
	objects = {

/* Begin PBXBuildFile section */
		254F87621AAD3FAC0087C744 /* Second.storyboard in Resources */ = {isa = PBXBuildFile; fileRef = 254F87611AAD3FAC0087C744 /* Second.storyboard */; };
		255AA47D1B1EF55B008283E2 /* TestCell.m in Sources */ = {isa = PBXBuildFile; fileRef = 255AA47C1B1EF55B008283E2 /* TestCell.m */; };
		255AA4811B1F01CF008283E2 /* TestCell.xib in Resources */ = {isa = PBXBuildFile; fileRef = 255AA4801B1F01CF008283E2 /* TestCell.xib */; };
		25647F441AF764C1006A85C7 /* AVFoundation.framework in Frameworks */ = {isa = PBXBuildFile; fileRef = 25647F431AF764C1006A85C7 /* AVFoundation.framework */; };
		25647F461AF7653A006A85C7 /* AssetsLibrary.framework in Frameworks */ = {isa = PBXBuildFile; fileRef = 25647F451AF7653A006A85C7 /* AssetsLibrary.framework */; };
		25691AD41B1D99C4006D84D8 /* testTableVC.m in Sources */ = {isa = PBXBuildFile; fileRef = 25691AD31B1D99C4006D84D8 /* testTableVC.m */; };
		256B101C1AA70736008327C1 /* main.m in Sources */ = {isa = PBXBuildFile; fileRef = 256B101B1AA70736008327C1 /* main.m */; };
		256B101F1AA70736008327C1 /* AppDelegate.m in Sources */ = {isa = PBXBuildFile; fileRef = 256B101E1AA70736008327C1 /* AppDelegate.m */; };
		256B10221AA70736008327C1 /* ViewController.m in Sources */ = {isa = PBXBuildFile; fileRef = 256B10211AA70736008327C1 /* ViewController.m */; };
		256B10251AA70736008327C1 /* Main.storyboard in Resources */ = {isa = PBXBuildFile; fileRef = 256B10231AA70736008327C1 /* Main.storyboard */; };
		256B10271AA70736008327C1 /* Images.xcassets in Resources */ = {isa = PBXBuildFile; fileRef = 256B10261AA70736008327C1 /* Images.xcassets */; };
		256B102A1AA70736008327C1 /* LaunchScreen.xib in Resources */ = {isa = PBXBuildFile; fileRef = 256B10281AA70736008327C1 /* LaunchScreen.xib */; };
		256B10361AA70736008327C1 /* cameraTests.m in Sources */ = {isa = PBXBuildFile; fileRef = 256B10351AA70736008327C1 /* cameraTests.m */; };
		256B10411AA71099008327C1 /* PhotoShow.m in Sources */ = {isa = PBXBuildFile; fileRef = 256B10401AA71099008327C1 /* PhotoShow.m */; };
		256B10441AA7129C008327C1 /* PhotoEditVC.m in Sources */ = {isa = PBXBuildFile; fileRef = 256B10431AA7129C008327C1 /* PhotoEditVC.m */; };
		256B10481AA71374008327C1 /* 1.jpg in Resources */ = {isa = PBXBuildFile; fileRef = 256B10471AA71374008327C1 /* 1.jpg */; };
		25AA3C291AF861ED000DFB99 /* SKPhotoAlbum.m in Sources */ = {isa = PBXBuildFile; fileRef = 25AA3C281AF861ED000DFB99 /* SKPhotoAlbum.m */; };
		25AA3C2B1AF86447000DFB99 /* SKPhotoAlbumTests.m in Sources */ = {isa = PBXBuildFile; fileRef = 25AA3C2A1AF86447000DFB99 /* SKPhotoAlbumTests.m */; };
		25AEF0A21B2FB7690096A3EB /* MasonryTestVC.m in Sources */ = {isa = PBXBuildFile; fileRef = 25AEF0A11B2FB7690096A3EB /* MasonryTestVC.m */; };
		25AEF0A61B2FF9570096A3EB /* UIView+Masonry_LJC.m in Sources */ = {isa = PBXBuildFile; fileRef = 25AEF0A51B2FF9570096A3EB /* UIView+Masonry_LJC.m */; };
		25C76F0D1B43939F00E459E9 /* LINImagePickerViewController.m in Sources */ = {isa = PBXBuildFile; fileRef = 25C76F0B1B43939F00E459E9 /* LINImagePickerViewController.m */; };
		25C76F0E1B43939F00E459E9 /* LINImagePickerViewController.xib in Resources */ = {isa = PBXBuildFile; fileRef = 25C76F0C1B43939F00E459E9 /* LINImagePickerViewController.xib */; };
		25C76F111B43B18700E459E9 /* PhotoCollectionViewCell.m in Sources */ = {isa = PBXBuildFile; fileRef = 25C76F101B43B18700E459E9 /* PhotoCollectionViewCell.m */; };
		25C76F131B43B1A200E459E9 /* PhotoCollectionViewCell.xib in Resources */ = {isa = PBXBuildFile; fileRef = 25C76F121B43B1A200E459E9 /* PhotoCollectionViewCell.xib */; };
		25C76F161B43C81400E459E9 /* LINImageSelectButton.m in Sources */ = {isa = PBXBuildFile; fileRef = 25C76F151B43C81400E459E9 /* LINImageSelectButton.m */; };
		25C76F181B43D09E00E459E9 /* Check@2x.png in Resources */ = {isa = PBXBuildFile; fileRef = 25C76F171B43D09E00E459E9 /* Check@2x.png */; };
		EF983294644199DF4B28AA1B /* libPods.a in Frameworks */ = {isa = PBXBuildFile; fileRef = 8ED12BF4D47C2120C6427FC5 /* libPods.a */; };
/* End PBXBuildFile section */

/* Begin PBXContainerItemProxy section */
		256B10301AA70736008327C1 /* PBXContainerItemProxy */ = {
			isa = PBXContainerItemProxy;
			containerPortal = 256B100E1AA70736008327C1 /* Project object */;
			proxyType = 1;
			remoteGlobalIDString = 256B10151AA70736008327C1;
			remoteInfo = camera;
		};
/* End PBXContainerItemProxy section */

/* Begin PBXFileReference section */
		08E29647471A3153DFE87F89 /* Pods.release.xcconfig */ = {isa = PBXFileReference; includeInIndex = 1; lastKnownFileType = text.xcconfig; name = Pods.release.xcconfig; path = "Pods/Target Support Files/Pods/Pods.release.xcconfig"; sourceTree = "<group>"; };
		254F87611AAD3FAC0087C744 /* Second.storyboard */ = {isa = PBXFileReference; fileEncoding = 4; lastKnownFileType = file.storyboard; path = Second.storyboard; sourceTree = "<group>"; };
		255AA47B1B1EF55B008283E2 /* TestCell.h */ = {isa = PBXFileReference; fileEncoding = 4; lastKnownFileType = sourcecode.c.h; name = TestCell.h; path = View/TestCell.h; sourceTree = "<group>"; };
		255AA47C1B1EF55B008283E2 /* TestCell.m */ = {isa = PBXFileReference; fileEncoding = 4; lastKnownFileType = sourcecode.c.objc; name = TestCell.m; path = View/TestCell.m; sourceTree = "<group>"; };
		255AA4801B1F01CF008283E2 /* TestCell.xib */ = {isa = PBXFileReference; fileEncoding = 4; lastKnownFileType = file.xib; path = TestCell.xib; sourceTree = "<group>"; };
		25647F431AF764C1006A85C7 /* AVFoundation.framework */ = {isa = PBXFileReference; lastKnownFileType = wrapper.framework; name = AVFoundation.framework; path = System/Library/Frameworks/AVFoundation.framework; sourceTree = SDKROOT; };
		25647F451AF7653A006A85C7 /* AssetsLibrary.framework */ = {isa = PBXFileReference; lastKnownFileType = wrapper.framework; name = AssetsLibrary.framework; path = System/Library/Frameworks/AssetsLibrary.framework; sourceTree = SDKROOT; };
		25691AD21B1D99C4006D84D8 /* testTableVC.h */ = {isa = PBXFileReference; fileEncoding = 4; lastKnownFileType = sourcecode.c.h; path = testTableVC.h; sourceTree = "<group>"; };
		25691AD31B1D99C4006D84D8 /* testTableVC.m */ = {isa = PBXFileReference; fileEncoding = 4; lastKnownFileType = sourcecode.c.objc; path = testTableVC.m; sourceTree = "<group>"; };
		256B10161AA70736008327C1 /* camera.app */ = {isa = PBXFileReference; explicitFileType = wrapper.application; includeInIndex = 0; path = camera.app; sourceTree = BUILT_PRODUCTS_DIR; };
		256B101A1AA70736008327C1 /* Info.plist */ = {isa = PBXFileReference; lastKnownFileType = text.plist.xml; path = Info.plist; sourceTree = "<group>"; };
		256B101B1AA70736008327C1 /* main.m */ = {isa = PBXFileReference; lastKnownFileType = sourcecode.c.objc; path = main.m; sourceTree = "<group>"; };
		256B101D1AA70736008327C1 /* AppDelegate.h */ = {isa = PBXFileReference; lastKnownFileType = sourcecode.c.h; path = AppDelegate.h; sourceTree = "<group>"; };
		256B101E1AA70736008327C1 /* AppDelegate.m */ = {isa = PBXFileReference; lastKnownFileType = sourcecode.c.objc; path = AppDelegate.m; sourceTree = "<group>"; };
		256B10201AA70736008327C1 /* ViewController.h */ = {isa = PBXFileReference; lastKnownFileType = sourcecode.c.h; path = ViewController.h; sourceTree = "<group>"; };
		256B10211AA70736008327C1 /* ViewController.m */ = {isa = PBXFileReference; lastKnownFileType = sourcecode.c.objc; path = ViewController.m; sourceTree = "<group>"; };
		256B10241AA70736008327C1 /* Base */ = {isa = PBXFileReference; lastKnownFileType = file.storyboard; name = Base; path = Base.lproj/Main.storyboard; sourceTree = "<group>"; };
		256B10261AA70736008327C1 /* Images.xcassets */ = {isa = PBXFileReference; lastKnownFileType = folder.assetcatalog; path = Images.xcassets; sourceTree = "<group>"; };
		256B10291AA70736008327C1 /* Base */ = {isa = PBXFileReference; lastKnownFileType = file.xib; name = Base; path = Base.lproj/LaunchScreen.xib; sourceTree = "<group>"; };
		256B102F1AA70736008327C1 /* cameraTests.xctest */ = {isa = PBXFileReference; explicitFileType = wrapper.cfbundle; includeInIndex = 0; path = cameraTests.xctest; sourceTree = BUILT_PRODUCTS_DIR; };
		256B10341AA70736008327C1 /* Info.plist */ = {isa = PBXFileReference; lastKnownFileType = text.plist.xml; path = Info.plist; sourceTree = "<group>"; };
		256B10351AA70736008327C1 /* cameraTests.m */ = {isa = PBXFileReference; lastKnownFileType = sourcecode.c.objc; path = cameraTests.m; sourceTree = "<group>"; };
		256B103F1AA71099008327C1 /* PhotoShow.h */ = {isa = PBXFileReference; fileEncoding = 4; lastKnownFileType = sourcecode.c.h; path = PhotoShow.h; sourceTree = "<group>"; };
		256B10401AA71099008327C1 /* PhotoShow.m */ = {isa = PBXFileReference; fileEncoding = 4; lastKnownFileType = sourcecode.c.objc; path = PhotoShow.m; sourceTree = "<group>"; };
		256B10421AA7129C008327C1 /* PhotoEditVC.h */ = {isa = PBXFileReference; fileEncoding = 4; lastKnownFileType = sourcecode.c.h; path = PhotoEditVC.h; sourceTree = "<group>"; };
		256B10431AA7129C008327C1 /* PhotoEditVC.m */ = {isa = PBXFileReference; fileEncoding = 4; lastKnownFileType = sourcecode.c.objc; path = PhotoEditVC.m; sourceTree = "<group>"; };
		256B10471AA71374008327C1 /* 1.jpg */ = {isa = PBXFileReference; lastKnownFileType = image.jpeg; path = 1.jpg; sourceTree = "<group>"; };
		25AA3C271AF861ED000DFB99 /* SKPhotoAlbum.h */ = {isa = PBXFileReference; fileEncoding = 4; lastKnownFileType = sourcecode.c.h; name = SKPhotoAlbum.h; path = Model/SKPhotoAlbum.h; sourceTree = "<group>"; };
		25AA3C281AF861ED000DFB99 /* SKPhotoAlbum.m */ = {isa = PBXFileReference; fileEncoding = 4; lastKnownFileType = sourcecode.c.objc; name = SKPhotoAlbum.m; path = Model/SKPhotoAlbum.m; sourceTree = "<group>"; };
		25AA3C2A1AF86447000DFB99 /* SKPhotoAlbumTests.m */ = {isa = PBXFileReference; fileEncoding = 4; lastKnownFileType = sourcecode.c.objc; path = SKPhotoAlbumTests.m; sourceTree = "<group>"; };
		25AEF0A01B2FB7690096A3EB /* MasonryTestVC.h */ = {isa = PBXFileReference; fileEncoding = 4; lastKnownFileType = sourcecode.c.h; path = MasonryTestVC.h; sourceTree = "<group>"; };
		25AEF0A11B2FB7690096A3EB /* MasonryTestVC.m */ = {isa = PBXFileReference; fileEncoding = 4; lastKnownFileType = sourcecode.c.objc; path = MasonryTestVC.m; sourceTree = "<group>"; };
		25AEF0A31B2FB8780096A3EB /* Camera.pch */ = {isa = PBXFileReference; lastKnownFileType = sourcecode.c.h; path = Camera.pch; sourceTree = "<group>"; };
		25AEF0A41B2FF9570096A3EB /* UIView+Masonry_LJC.h */ = {isa = PBXFileReference; fileEncoding = 4; lastKnownFileType = sourcecode.c.h; name = "UIView+Masonry_LJC.h"; path = "Others/UIView+Masonry_LJC.h"; sourceTree = "<group>"; };
		25AEF0A51B2FF9570096A3EB /* UIView+Masonry_LJC.m */ = {isa = PBXFileReference; fileEncoding = 4; lastKnownFileType = sourcecode.c.objc; name = "UIView+Masonry_LJC.m"; path = "Others/UIView+Masonry_LJC.m"; sourceTree = "<group>"; };
		25C76F0A1B43939F00E459E9 /* LINImagePickerViewController.h */ = {isa = PBXFileReference; fileEncoding = 4; lastKnownFileType = sourcecode.c.h; name = LINImagePickerViewController.h; path = Others/LINImagePickerViewController.h; sourceTree = "<group>"; };
		25C76F0B1B43939F00E459E9 /* LINImagePickerViewController.m */ = {isa = PBXFileReference; fileEncoding = 4; lastKnownFileType = sourcecode.c.objc; name = LINImagePickerViewController.m; path = Others/LINImagePickerViewController.m; sourceTree = "<group>"; };
		25C76F0C1B43939F00E459E9 /* LINImagePickerViewController.xib */ = {isa = PBXFileReference; fileEncoding = 4; lastKnownFileType = file.xib; name = LINImagePickerViewController.xib; path = Others/LINImagePickerViewController.xib; sourceTree = "<group>"; };
		25C76F0F1B43B18700E459E9 /* PhotoCollectionViewCell.h */ = {isa = PBXFileReference; fileEncoding = 4; lastKnownFileType = sourcecode.c.h; name = PhotoCollectionViewCell.h; path = Others/PhotoCollectionViewCell.h; sourceTree = "<group>"; };
		25C76F101B43B18700E459E9 /* PhotoCollectionViewCell.m */ = {isa = PBXFileReference; fileEncoding = 4; lastKnownFileType = sourcecode.c.objc; name = PhotoCollectionViewCell.m; path = Others/PhotoCollectionViewCell.m; sourceTree = "<group>"; };
		25C76F121B43B1A200E459E9 /* PhotoCollectionViewCell.xib */ = {isa = PBXFileReference; fileEncoding = 4; lastKnownFileType = file.xib; path = PhotoCollectionViewCell.xib; sourceTree = "<group>"; };
		25C76F141B43C81400E459E9 /* LINImageSelectButton.h */ = {isa = PBXFileReference; fileEncoding = 4; lastKnownFileType = sourcecode.c.h; name = LINImageSelectButton.h; path = Others/LINImageSelectButton.h; sourceTree = "<group>"; };
		25C76F151B43C81400E459E9 /* LINImageSelectButton.m */ = {isa = PBXFileReference; fileEncoding = 4; lastKnownFileType = sourcecode.c.objc; name = LINImageSelectButton.m; path = Others/LINImageSelectButton.m; sourceTree = "<group>"; };
		25C76F171B43D09E00E459E9 /* Check@2x.png */ = {isa = PBXFileReference; lastKnownFileType = image.png; path = "Check@2x.png"; sourceTree = "<group>"; };
		367AAA388573EDC1F33AE04F /* Pods.debug.xcconfig */ = {isa = PBXFileReference; includeInIndex = 1; lastKnownFileType = text.xcconfig; name = Pods.debug.xcconfig; path = "Pods/Target Support Files/Pods/Pods.debug.xcconfig"; sourceTree = "<group>"; };
		8ED12BF4D47C2120C6427FC5 /* libPods.a */ = {isa = PBXFileReference; explicitFileType = archive.ar; includeInIndex = 0; path = libPods.a; sourceTree = BUILT_PRODUCTS_DIR; };
/* End PBXFileReference section */

/* Begin PBXFrameworksBuildPhase section */
		256B10131AA70736008327C1 /* Frameworks */ = {
			isa = PBXFrameworksBuildPhase;
			buildActionMask = 2147483647;
			files = (
				25647F461AF7653A006A85C7 /* AssetsLibrary.framework in Frameworks */,
				25647F441AF764C1006A85C7 /* AVFoundation.framework in Frameworks */,
				EF983294644199DF4B28AA1B /* libPods.a in Frameworks */,
			);
			runOnlyForDeploymentPostprocessing = 0;
		};
		256B102C1AA70736008327C1 /* Frameworks */ = {
			isa = PBXFrameworksBuildPhase;
			buildActionMask = 2147483647;
			files = (
			);
			runOnlyForDeploymentPostprocessing = 0;
		};
/* End PBXFrameworksBuildPhase section */

/* Begin PBXGroup section */
		255AA47A1B1EF537008283E2 /* View */ = {
			isa = PBXGroup;
			children = (
				255AA47B1B1EF55B008283E2 /* TestCell.h */,
				255AA47C1B1EF55B008283E2 /* TestCell.m */,
				255AA4801B1F01CF008283E2 /* TestCell.xib */,
			);
			name = View;
			sourceTree = "<group>";
		};
		256B100D1AA70736008327C1 = {
			isa = PBXGroup;
			children = (
				25647F451AF7653A006A85C7 /* AssetsLibrary.framework */,
				25647F431AF764C1006A85C7 /* AVFoundation.framework */,
				256B10471AA71374008327C1 /* 1.jpg */,
				25C76F171B43D09E00E459E9 /* Check@2x.png */,
				256B10181AA70736008327C1 /* camera */,
				256B10321AA70736008327C1 /* cameraTests */,
				256B10171AA70736008327C1 /* Products */,
				6015EA4367254EF22B5E1EE7 /* Pods */,
				FEDCD83076BB03A4A0956C27 /* Frameworks */,
			);
			sourceTree = "<group>";
		};
		256B10171AA70736008327C1 /* Products */ = {
			isa = PBXGroup;
			children = (
				256B10161AA70736008327C1 /* camera.app */,
				256B102F1AA70736008327C1 /* cameraTests.xctest */,
			);
			name = Products;
			sourceTree = "<group>";
		};
		256B10181AA70736008327C1 /* camera */ = {
			isa = PBXGroup;
			children = (
				255AA47A1B1EF537008283E2 /* View */,
				25AA3C2E1AF8AD8F000DFB99 /* Others */,
				25AA3C2C1AF8ABD5000DFB99 /* Controller */,
				25AA3C2D1AF8AC0C000DFB99 /* Model */,
				256B101D1AA70736008327C1 /* AppDelegate.h */,
				256B101E1AA70736008327C1 /* AppDelegate.m */,
				256B10231AA70736008327C1 /* Main.storyboard */,
				256B10261AA70736008327C1 /* Images.xcassets */,
				256B10281AA70736008327C1 /* LaunchScreen.xib */,
				256B10191AA70736008327C1 /* Supporting Files */,
				254F87611AAD3FAC0087C744 /* Second.storyboard */,
				25AEF0A31B2FB8780096A3EB /* Camera.pch */,
			);
			path = camera;
			sourceTree = "<group>";
		};
		256B10191AA70736008327C1 /* Supporting Files */ = {
			isa = PBXGroup;
			children = (
				256B101A1AA70736008327C1 /* Info.plist */,
				256B101B1AA70736008327C1 /* main.m */,
			);
			name = "Supporting Files";
			sourceTree = "<group>";
		};
		256B10321AA70736008327C1 /* cameraTests */ = {
			isa = PBXGroup;
			children = (
				256B10351AA70736008327C1 /* cameraTests.m */,
				256B10331AA70736008327C1 /* Supporting Files */,
				25AA3C2A1AF86447000DFB99 /* SKPhotoAlbumTests.m */,
			);
			path = cameraTests;
			sourceTree = "<group>";
		};
		256B10331AA70736008327C1 /* Supporting Files */ = {
			isa = PBXGroup;
			children = (
				256B10341AA70736008327C1 /* Info.plist */,
			);
			name = "Supporting Files";
			sourceTree = "<group>";
		};
		25AA3C2C1AF8ABD5000DFB99 /* Controller */ = {
			isa = PBXGroup;
			children = (
				256B10201AA70736008327C1 /* ViewController.h */,
				256B10211AA70736008327C1 /* ViewController.m */,
				256B103F1AA71099008327C1 /* PhotoShow.h */,
				256B10401AA71099008327C1 /* PhotoShow.m */,
				256B10421AA7129C008327C1 /* PhotoEditVC.h */,
				256B10431AA7129C008327C1 /* PhotoEditVC.m */,
				25691AD21B1D99C4006D84D8 /* testTableVC.h */,
				25691AD31B1D99C4006D84D8 /* testTableVC.m */,
				25AEF0A01B2FB7690096A3EB /* MasonryTestVC.h */,
				25AEF0A11B2FB7690096A3EB /* MasonryTestVC.m */,
			);
			path = Controller;
			sourceTree = "<group>";
		};
		25AA3C2D1AF8AC0C000DFB99 /* Model */ = {
			isa = PBXGroup;
			children = (
			);
			path = Model;
			sourceTree = "<group>";
		};
		25AA3C2E1AF8AD8F000DFB99 /* Others */ = {
			isa = PBXGroup;
			children = (
				25C76F091B43926C00E459E9 /* PhotoPicker */,
				25AEF0A41B2FF9570096A3EB /* UIView+Masonry_LJC.h */,
				25AEF0A51B2FF9570096A3EB /* UIView+Masonry_LJC.m */,
			);
			name = Others;
			sourceTree = "<group>";
		};
		25C76F091B43926C00E459E9 /* PhotoPicker */ = {
			isa = PBXGroup;
			children = (
				25AA3C271AF861ED000DFB99 /* SKPhotoAlbum.h */,
				25AA3C281AF861ED000DFB99 /* SKPhotoAlbum.m */,
				25C76F0A1B43939F00E459E9 /* LINImagePickerViewController.h */,
				25C76F0B1B43939F00E459E9 /* LINImagePickerViewController.m */,
				25C76F0C1B43939F00E459E9 /* LINImagePickerViewController.xib */,
				25C76F0F1B43B18700E459E9 /* PhotoCollectionViewCell.h */,
				25C76F101B43B18700E459E9 /* PhotoCollectionViewCell.m */,
				25C76F121B43B1A200E459E9 /* PhotoCollectionViewCell.xib */,
				25C76F141B43C81400E459E9 /* LINImageSelectButton.h */,
				25C76F151B43C81400E459E9 /* LINImageSelectButton.m */,
			);
			name = PhotoPicker;
			sourceTree = "<group>";
		};
		6015EA4367254EF22B5E1EE7 /* Pods */ = {
			isa = PBXGroup;
			children = (
				367AAA388573EDC1F33AE04F /* Pods.debug.xcconfig */,
				08E29647471A3153DFE87F89 /* Pods.release.xcconfig */,
			);
			name = Pods;
			sourceTree = "<group>";
		};
		FEDCD83076BB03A4A0956C27 /* Frameworks */ = {
			isa = PBXGroup;
			children = (
				8ED12BF4D47C2120C6427FC5 /* libPods.a */,
			);
			name = Frameworks;
			sourceTree = "<group>";
		};
/* End PBXGroup section */

/* Begin PBXNativeTarget section */
		256B10151AA70736008327C1 /* camera */ = {
			isa = PBXNativeTarget;
			buildConfigurationList = 256B10391AA70736008327C1 /* Build configuration list for PBXNativeTarget "camera" */;
			buildPhases = (
				F8C25CBAE4E6E4B262CC43C6 /* Check Pods Manifest.lock */,
				256B10121AA70736008327C1 /* Sources */,
				256B10131AA70736008327C1 /* Frameworks */,
				256B10141AA70736008327C1 /* Resources */,
				2B84177F58BFFB4D5DE3A0C4 /* Copy Pods Resources */,
			);
			buildRules = (
			);
			dependencies = (
			);
			name = camera;
			productName = camera;
			productReference = 256B10161AA70736008327C1 /* camera.app */;
			productType = "com.apple.product-type.application";
		};
		256B102E1AA70736008327C1 /* cameraTests */ = {
			isa = PBXNativeTarget;
			buildConfigurationList = 256B103C1AA70736008327C1 /* Build configuration list for PBXNativeTarget "cameraTests" */;
			buildPhases = (
				256B102B1AA70736008327C1 /* Sources */,
				256B102C1AA70736008327C1 /* Frameworks */,
				256B102D1AA70736008327C1 /* Resources */,
			);
			buildRules = (
			);
			dependencies = (
				256B10311AA70736008327C1 /* PBXTargetDependency */,
			);
			name = cameraTests;
			productName = cameraTests;
			productReference = 256B102F1AA70736008327C1 /* cameraTests.xctest */;
			productType = "com.apple.product-type.bundle.unit-test";
		};
/* End PBXNativeTarget section */

/* Begin PBXProject section */
		256B100E1AA70736008327C1 /* Project object */ = {
			isa = PBXProject;
			attributes = {
				LastUpgradeCheck = 0610;
				ORGANIZATIONNAME = linlizhi;
				TargetAttributes = {
					256B10151AA70736008327C1 = {
						CreatedOnToolsVersion = 6.1.1;
					};
					256B102E1AA70736008327C1 = {
						CreatedOnToolsVersion = 6.1.1;
						TestTargetID = 256B10151AA70736008327C1;
					};
				};
			};
			buildConfigurationList = 256B10111AA70736008327C1 /* Build configuration list for PBXProject "camera" */;
			compatibilityVersion = "Xcode 3.2";
			developmentRegion = English;
			hasScannedForEncodings = 0;
			knownRegions = (
				en,
				Base,
			);
			mainGroup = 256B100D1AA70736008327C1;
			productRefGroup = 256B10171AA70736008327C1 /* Products */;
			projectDirPath = "";
			projectRoot = "";
			targets = (
				256B10151AA70736008327C1 /* camera */,
				256B102E1AA70736008327C1 /* cameraTests */,
			);
		};
/* End PBXProject section */

/* Begin PBXResourcesBuildPhase section */
		256B10141AA70736008327C1 /* Resources */ = {
			isa = PBXResourcesBuildPhase;
			buildActionMask = 2147483647;
			files = (
				25C76F0E1B43939F00E459E9 /* LINImagePickerViewController.xib in Resources */,
				255AA4811B1F01CF008283E2 /* TestCell.xib in Resources */,
				256B10251AA70736008327C1 /* Main.storyboard in Resources */,
				256B10481AA71374008327C1 /* 1.jpg in Resources */,
				256B102A1AA70736008327C1 /* LaunchScreen.xib in Resources */,
				25C76F181B43D09E00E459E9 /* Check@2x.png in Resources */,
				25C76F131B43B1A200E459E9 /* PhotoCollectionViewCell.xib in Resources */,
				254F87621AAD3FAC0087C744 /* Second.storyboard in Resources */,
				256B10271AA70736008327C1 /* Images.xcassets in Resources */,
			);
			runOnlyForDeploymentPostprocessing = 0;
		};
		256B102D1AA70736008327C1 /* Resources */ = {
			isa = PBXResourcesBuildPhase;
			buildActionMask = 2147483647;
			files = (
			);
			runOnlyForDeploymentPostprocessing = 0;
		};
/* End PBXResourcesBuildPhase section */

/* Begin PBXShellScriptBuildPhase section */
		2B84177F58BFFB4D5DE3A0C4 /* Copy Pods Resources */ = {
			isa = PBXShellScriptBuildPhase;
			buildActionMask = 2147483647;
			files = (
			);
			inputPaths = (
			);
			name = "Copy Pods Resources";
			outputPaths = (
			);
			runOnlyForDeploymentPostprocessing = 0;
			shellPath = /bin/sh;
			shellScript = "\"${SRCROOT}/Pods/Target Support Files/Pods/Pods-resources.sh\"\n";
			showEnvVarsInLog = 0;
		};
		F8C25CBAE4E6E4B262CC43C6 /* Check Pods Manifest.lock */ = {
			isa = PBXShellScriptBuildPhase;
			buildActionMask = 2147483647;
			files = (
			);
			inputPaths = (
			);
			name = "Check Pods Manifest.lock";
			outputPaths = (
			);
			runOnlyForDeploymentPostprocessing = 0;
			shellPath = /bin/sh;
			shellScript = "diff \"${PODS_ROOT}/../Podfile.lock\" \"${PODS_ROOT}/Manifest.lock\" > /dev/null\nif [[ $? != 0 ]] ; then\n    cat << EOM\nerror: The sandbox is not in sync with the Podfile.lock. Run 'pod install' or update your CocoaPods installation.\nEOM\n    exit 1\nfi\n";
			showEnvVarsInLog = 0;
		};
/* End PBXShellScriptBuildPhase section */

/* Begin PBXSourcesBuildPhase section */
		256B10121AA70736008327C1 /* Sources */ = {
			isa = PBXSourcesBuildPhase;
			buildActionMask = 2147483647;
			files = (
				25AEF0A61B2FF9570096A3EB /* UIView+Masonry_LJC.m in Sources */,
				25C76F111B43B18700E459E9 /* PhotoCollectionViewCell.m in Sources */,
				256B10441AA7129C008327C1 /* PhotoEditVC.m in Sources */,
				25691AD41B1D99C4006D84D8 /* testTableVC.m in Sources */,
				256B10221AA70736008327C1 /* ViewController.m in Sources */,
				256B10411AA71099008327C1 /* PhotoShow.m in Sources */,
				25AEF0A21B2FB7690096A3EB /* MasonryTestVC.m in Sources */,
				256B101F1AA70736008327C1 /* AppDelegate.m in Sources */,
				255AA47D1B1EF55B008283E2 /* TestCell.m in Sources */,
				25AA3C291AF861ED000DFB99 /* SKPhotoAlbum.m in Sources */,
				25C76F0D1B43939F00E459E9 /* LINImagePickerViewController.m in Sources */,
				25C76F161B43C81400E459E9 /* LINImageSelectButton.m in Sources */,
				256B101C1AA70736008327C1 /* main.m in Sources */,
			);
			runOnlyForDeploymentPostprocessing = 0;
		};
		256B102B1AA70736008327C1 /* Sources */ = {
			isa = PBXSourcesBuildPhase;
			buildActionMask = 2147483647;
			files = (
				25AA3C2B1AF86447000DFB99 /* SKPhotoAlbumTests.m in Sources */,
				256B10361AA70736008327C1 /* cameraTests.m in Sources */,
			);
			runOnlyForDeploymentPostprocessing = 0;
		};
/* End PBXSourcesBuildPhase section */

/* Begin PBXTargetDependency section */
		256B10311AA70736008327C1 /* PBXTargetDependency */ = {
			isa = PBXTargetDependency;
			target = 256B10151AA70736008327C1 /* camera */;
			targetProxy = 256B10301AA70736008327C1 /* PBXContainerItemProxy */;
		};
/* End PBXTargetDependency section */

/* Begin PBXVariantGroup section */
		256B10231AA70736008327C1 /* Main.storyboard */ = {
			isa = PBXVariantGroup;
			children = (
				256B10241AA70736008327C1 /* Base */,
			);
			name = Main.storyboard;
			sourceTree = "<group>";
		};
		256B10281AA70736008327C1 /* LaunchScreen.xib */ = {
			isa = PBXVariantGroup;
			children = (
				256B10291AA70736008327C1 /* Base */,
			);
			name = LaunchScreen.xib;
			sourceTree = "<group>";
		};
/* End PBXVariantGroup section */

/* Begin XCBuildConfiguration section */
		256B10371AA70736008327C1 /* Debug */ = {
			isa = XCBuildConfiguration;
			buildSettings = {
				ALWAYS_SEARCH_USER_PATHS = NO;
				CLANG_CXX_LANGUAGE_STANDARD = "gnu++0x";
				CLANG_CXX_LIBRARY = "libc++";
				CLANG_ENABLE_MODULES = YES;
				CLANG_ENABLE_OBJC_ARC = YES;
				CLANG_WARN_BOOL_CONVERSION = YES;
				CLANG_WARN_CONSTANT_CONVERSION = YES;
				CLANG_WARN_DIRECT_OBJC_ISA_USAGE = YES_ERROR;
				CLANG_WARN_EMPTY_BODY = YES;
				CLANG_WARN_ENUM_CONVERSION = YES;
				CLANG_WARN_INT_CONVERSION = YES;
				CLANG_WARN_OBJC_ROOT_CLASS = YES_ERROR;
				CLANG_WARN_UNREACHABLE_CODE = YES;
				CLANG_WARN__DUPLICATE_METHOD_MATCH = YES;
				"CODE_SIGN_IDENTITY[sdk=iphoneos*]" = "iPhone Developer";
				COPY_PHASE_STRIP = NO;
				ENABLE_STRICT_OBJC_MSGSEND = YES;
				GCC_C_LANGUAGE_STANDARD = gnu99;
				GCC_DYNAMIC_NO_PIC = NO;
				GCC_OPTIMIZATION_LEVEL = 0;
				GCC_PRECOMPILE_PREFIX_HEADER = YES;
				GCC_PREPROCESSOR_DEFINITIONS = (
					"DEBUG=1",
					"$(inherited)",
				);
				GCC_SYMBOLS_PRIVATE_EXTERN = NO;
				GCC_WARN_64_TO_32_BIT_CONVERSION = YES;
				GCC_WARN_ABOUT_RETURN_TYPE = YES_ERROR;
				GCC_WARN_UNDECLARED_SELECTOR = YES;
				GCC_WARN_UNINITIALIZED_AUTOS = YES_AGGRESSIVE;
				GCC_WARN_UNUSED_FUNCTION = YES;
				GCC_WARN_UNUSED_VARIABLE = YES;
				IPHONEOS_DEPLOYMENT_TARGET = 8.1;
				MTL_ENABLE_DEBUG_INFO = YES;
				ONLY_ACTIVE_ARCH = YES;
				SDKROOT = iphoneos;
			};
			name = Debug;
		};
		256B10381AA70736008327C1 /* Release */ = {
			isa = XCBuildConfiguration;
			buildSettings = {
				ALWAYS_SEARCH_USER_PATHS = NO;
				CLANG_CXX_LANGUAGE_STANDARD = "gnu++0x";
				CLANG_CXX_LIBRARY = "libc++";
				CLANG_ENABLE_MODULES = YES;
				CLANG_ENABLE_OBJC_ARC = YES;
				CLANG_WARN_BOOL_CONVERSION = YES;
				CLANG_WARN_CONSTANT_CONVERSION = YES;
				CLANG_WARN_DIRECT_OBJC_ISA_USAGE = YES_ERROR;
				CLANG_WARN_EMPTY_BODY = YES;
				CLANG_WARN_ENUM_CONVERSION = YES;
				CLANG_WARN_INT_CONVERSION = YES;
				CLANG_WARN_OBJC_ROOT_CLASS = YES_ERROR;
				CLANG_WARN_UNREACHABLE_CODE = YES;
				CLANG_WARN__DUPLICATE_METHOD_MATCH = YES;
				"CODE_SIGN_IDENTITY[sdk=iphoneos*]" = "iPhone Developer";
				COPY_PHASE_STRIP = YES;
				ENABLE_NS_ASSERTIONS = NO;
				ENABLE_STRICT_OBJC_MSGSEND = YES;
				GCC_C_LANGUAGE_STANDARD = gnu99;
				GCC_PRECOMPILE_PREFIX_HEADER = YES;
				GCC_WARN_64_TO_32_BIT_CONVERSION = YES;
				GCC_WARN_ABOUT_RETURN_TYPE = YES_ERROR;
				GCC_WARN_UNDECLARED_SELECTOR = YES;
				GCC_WARN_UNINITIALIZED_AUTOS = YES_AGGRESSIVE;
				GCC_WARN_UNUSED_FUNCTION = YES;
				GCC_WARN_UNUSED_VARIABLE = YES;
				IPHONEOS_DEPLOYMENT_TARGET = 8.1;
				MTL_ENABLE_DEBUG_INFO = NO;
				SDKROOT = iphoneos;
				VALIDATE_PRODUCT = YES;
			};
			name = Release;
		};
		256B103A1AA70736008327C1 /* Debug */ = {
			isa = XCBuildConfiguration;
			baseConfigurationReference = 367AAA388573EDC1F33AE04F /* Pods.debug.xcconfig */;
			buildSettings = {
				ASSETCATALOG_COMPILER_APPICON_NAME = AppIcon;
				GCC_PRECOMPILE_PREFIX_HEADER = YES;
				GCC_PREFIX_HEADER = "$(SECROOT)camera/Camera.pch";
				INFOPLIST_FILE = camera/Info.plist;
				IPHONEOS_DEPLOYMENT_TARGET = 7.0;
				LD_RUNPATH_SEARCH_PATHS = "$(inherited) @executable_path/Frameworks";
				PRODUCT_NAME = "$(TARGET_NAME)";
			};
			name = Debug;
		};
		256B103B1AA70736008327C1 /* Release */ = {
			isa = XCBuildConfiguration;
			baseConfigurationReference = 08E29647471A3153DFE87F89 /* Pods.release.xcconfig */;
			buildSettings = {
				ASSETCATALOG_COMPILER_APPICON_NAME = AppIcon;
				GCC_PRECOMPILE_PREFIX_HEADER = YES;
				GCC_PREFIX_HEADER = "$(SECROOT)camera/Camera.pch";
				INFOPLIST_FILE = camera/Info.plist;
				IPHONEOS_DEPLOYMENT_TARGET = 7.0;
				LD_RUNPATH_SEARCH_PATHS = "$(inherited) @executable_path/Frameworks";
				PRODUCT_NAME = "$(TARGET_NAME)";
			};
			name = Release;
		};
		256B103D1AA70736008327C1 /* Debug */ = {
			isa = XCBuildConfiguration;
			buildSettings = {
				BUNDLE_LOADER = "$(TEST_HOST)";
				FRAMEWORK_SEARCH_PATHS = (
					"$(SDKROOT)/Developer/Library/Frameworks",
					"$(inherited)",
				);
				GCC_PREPROCESSOR_DEFINITIONS = (
					"DEBUG=1",
					"$(inherited)",
				);
				INFOPLIST_FILE = cameraTests/Info.plist;
				LD_RUNPATH_SEARCH_PATHS = "$(inherited) @executable_path/Frameworks @loader_path/Frameworks";
				PRODUCT_NAME = "$(TARGET_NAME)";
				TEST_HOST = "$(BUILT_PRODUCTS_DIR)/camera.app/camera";
			};
			name = Debug;
		};
		256B103E1AA70736008327C1 /* Release */ = {
			isa = XCBuildConfiguration;
			buildSettings = {
				BUNDLE_LOADER = "$(TEST_HOST)";
				FRAMEWORK_SEARCH_PATHS = (
					"$(SDKROOT)/Developer/Library/Frameworks",
					"$(inherited)",
				);
				INFOPLIST_FILE = cameraTests/Info.plist;
				LD_RUNPATH_SEARCH_PATHS = "$(inherited) @executable_path/Frameworks @loader_path/Frameworks";
				PRODUCT_NAME = "$(TARGET_NAME)";
				TEST_HOST = "$(BUILT_PRODUCTS_DIR)/camera.app/camera";
			};
			name = Release;
		};
/* End XCBuildConfiguration section */

/* Begin XCConfigurationList section */
		256B10111AA70736008327C1 /* Build configuration list for PBXProject "camera" */ = {
			isa = XCConfigurationList;
			buildConfigurations = (
				256B10371AA70736008327C1 /* Debug */,
				256B10381AA70736008327C1 /* Release */,
			);
			defaultConfigurationIsVisible = 0;
			defaultConfigurationName = Release;
		};
		256B10391AA70736008327C1 /* Build configuration list for PBXNativeTarget "camera" */ = {
			isa = XCConfigurationList;
			buildConfigurations = (
				256B103A1AA70736008327C1 /* Debug */,
				256B103B1AA70736008327C1 /* Release */,
			);
			defaultConfigurationIsVisible = 0;
			defaultConfigurationName = Release;
		};
		256B103C1AA70736008327C1 /* Build configuration list for PBXNativeTarget "cameraTests" */ = {
			isa = XCConfigurationList;
			buildConfigurations = (
				256B103D1AA70736008327C1 /* Debug */,
				256B103E1AA70736008327C1 /* Release */,
			);
			defaultConfigurationIsVisible = 0;
			defaultConfigurationName = Release;
		};
/* End XCConfigurationList section */
	};
	rootObject = 256B100E1AA70736008327C1 /* Project object */;
}
